
Microsoft Visual Studio Solution File, Format Version 12.00
# Visual Studio Version 16
VisualStudioVersion = 16.0.31005.135
MinimumVisualStudioVersion = 10.0.40219.1
Project("{FAE04EC0-301F-11D3-BF4B-00C04F79EFBC}") = "ApiAuthAuthorization", "ApiAuthAuthorization\ApiAuthAuthorization.csproj", "{9FC7D91A-787C-49BD-854D-066ED0B8D2E2}"
EndProject
Global
	GlobalSection(SolutionConfigurationPlatforms) = preSolution
		Debug|Any CPU = Debug|Any CPU
		Release|Any CPU = Release|Any CPU
	EndGlobalSection
	GlobalSection(ProjectConfigurationPlatforms) = postSolution
		{9FC7D91A-787C-49BD-854D-066ED0B8D2E2}.Debug|Any CPU.ActiveCfg = Debug|Any CPU
		{9FC7D91A-787C-49BD-854D-066ED0B8D2E2}.Debug|Any CPU.Build.0 = Debug|Any CPU
		{9FC7D91A-787C-49BD-854D-066ED0B8D2E2}.Release|Any CPU.ActiveCfg = Release|Any CPU
		{9FC7D91A-787C-49BD-854D-066ED0B8D2E2}.Release|Any CPU.Build.0 = Release|Any CPU
	EndGlobalSection
	GlobalSection(SolutionProperties) = preSolution
		HideSolutionNode = FALSE
	EndGlobalSection
	GlobalSection(ExtensibilityGlobals) = postSolution
		SolutionGuid = {1816B373-DABF-4960-AFF5-558A9EA881EE}
	EndGlobalSection
EndGlobal
